{
  "name": "Site",
  "lockfileVersion": 3,
  "requires": true,
  "packages": {
    "": {
      "dependencies": {
        "formBuilder": "^3.19.15"
      }
    },
    "node_modules/formBuilder": {
      "version": "3.19.15",
      "resolved": "https://registry.npmjs.org/formBuilder/-/formBuilder-3.19.15.tgz",
      "integrity": "sha512-vAWGXX8Qwrk8r1Aob/OxHN+fgrZwaQyuWcFxEHpkH0zZVfH2IDLizrtj3mhvb/cDZTweOxpcPMynuPJbqOEr+w==",
      "dependencies": {
        "jquery": ">=3.4.1",
        "jquery-ui-sortable": "*"
      }
    },
    "node_modules/jquery": {
      "version": "3.7.1",
      "resolved": "https://registry.npmjs.org/jquery/-/jquery-3.7.1.tgz",
      "integrity": "sha512-m4avr8yL8kmFN8psrbFFFmB/If14iN5o9nw/NgnnM+kybDJpRsAynV2BsfpTYrTRysYUdADVD7CkUUizgkpLfg=="
    },
    "node_modules/jquery-ui-sortable": {
      "version": "1.0.0",
      "resolved": "https://registry.npmjs.org/jquery-ui-sortable/-/jquery-ui-sortable-1.0.0.tgz",
      "integrity": "sha512-7xAUWoEJ/jHoj48ei8CCUtiad2uM3ie3IR2b3KB0Mpmb54IbBxzVb5vtrj0zqtd0GNQDImx+BPZml9QmK2EL3w=="
    }
  }
}
